// !$*UTF8*$!
{
	archiveVersion = 1;
	classes = {
	};
	objectVersion = 46;
	objects = {

/* Begin PBXBuildFile section */
		888AA831EACD15AC1AC845CF /* libPods.a in Frameworks */ = {isa = PBXBuildFile; fileRef = E3FCAE1E230193F9B835EF25 /* libPods.a */; };
		F501B8C61B429C3500AB8B2C /* ViewController3.m in Sources */ = {isa = PBXBuildFile; fileRef = F501B8C51B429C3500AB8B2C /* ViewController3.m */; };
		F52F8C541B438F91005A7158 /* TableViewController1.m in Sources */ = {isa = PBXBuildFile; fileRef = F52F8C531B438F91005A7158 /* TableViewController1.m */; };
		F5FDF1301B412EF800965472 /* main.m in Sources */ = {isa = PBXBuildFile; fileRef = F5FDF12F1B412EF800965472 /* main.m */; };
		F5FDF1331B412EF800965472 /* AppDelegate.m in Sources */ = {isa = PBXBuildFile; fileRef = F5FDF1321B412EF800965472 /* AppDelegate.m */; };
		F5FDF1361B412EF800965472 /* ViewController.m in Sources */ = {isa = PBXBuildFile; fileRef = F5FDF1351B412EF800965472 /* ViewController.m */; };
		F5FDF1391B412EF800965472 /* Main.storyboard in Resources */ = {isa = PBXBuildFile; fileRef = F5FDF1371B412EF800965472 /* Main.storyboard */; };
		F5FDF13B1B412EF800965472 /* Images.xcassets in Resources */ = {isa = PBXBuildFile; fileRef = F5FDF13A1B412EF800965472 /* Images.xcassets */; };
		F5FDF13E1B412EF800965472 /* LaunchScreen.xib in Resources */ = {isa = PBXBuildFile; fileRef = F5FDF13C1B412EF800965472 /* LaunchScreen.xib */; };
		F5FDF14A1B412EF800965472 /* UISampleTests.m in Sources */ = {isa = PBXBuildFile; fileRef = F5FDF1491B412EF800965472 /* UISampleTests.m */; };
		F5FDF1551B413EAE00965472 /* ViewController2.m in Sources */ = {isa = PBXBuildFile; fileRef = F5FDF1541B413EAE00965472 /* ViewController2.m */; };
		F5FDF1581B413F2000965472 /* EmailProvider.m in Sources */ = {isa = PBXBuildFile; fileRef = F5FDF1571B413F2000965472 /* EmailProvider.m */; };
/* End PBXBuildFile section */

/* Begin PBXContainerItemProxy section */
		F5FDF1441B412EF800965472 /* PBXContainerItemProxy */ = {
			isa = PBXContainerItemProxy;
			containerPortal = F5FDF1221B412EF800965472 /* Project object */;
			proxyType = 1;
			remoteGlobalIDString = F5FDF1291B412EF800965472;
			remoteInfo = TextInputFormSample;
		};
/* End PBXContainerItemProxy section */

/* Begin PBXFileReference section */
		7FEBA8F4822A9173EAC329BA /* Pods.debug.xcconfig */ = {isa = PBXFileReference; includeInIndex = 1; lastKnownFileType = text.xcconfig; name = Pods.debug.xcconfig; path = "Pods/Target Support Files/Pods/Pods.debug.xcconfig"; sourceTree = "<group>"; };
		C52CA89676C762456FA1E4D4 /* Pods.release.xcconfig */ = {isa = PBXFileReference; includeInIndex = 1; lastKnownFileType = text.xcconfig; name = Pods.release.xcconfig; path = "Pods/Target Support Files/Pods/Pods.release.xcconfig"; sourceTree = "<group>"; };
		E3FCAE1E230193F9B835EF25 /* libPods.a */ = {isa = PBXFileReference; explicitFileType = archive.ar; includeInIndex = 0; path = libPods.a; sourceTree = BUILT_PRODUCTS_DIR; };
		F501B8C41B429C3500AB8B2C /* ViewController3.h */ = {isa = PBXFileReference; fileEncoding = 4; lastKnownFileType = sourcecode.c.h; path = ViewController3.h; sourceTree = "<group>"; };
		F501B8C51B429C3500AB8B2C /* ViewController3.m */ = {isa = PBXFileReference; fileEncoding = 4; lastKnownFileType = sourcecode.c.objc; path = ViewController3.m; sourceTree = "<group>"; };
		F52F8C521B438F91005A7158 /* TableViewController1.h */ = {isa = PBXFileReference; fileEncoding = 4; lastKnownFileType = sourcecode.c.h; path = TableViewController1.h; sourceTree = "<group>"; };
		F52F8C531B438F91005A7158 /* TableViewController1.m */ = {isa = PBXFileReference; fileEncoding = 4; lastKnownFileType = sourcecode.c.objc; path = TableViewController1.m; sourceTree = "<group>"; };
		F5FDF12A1B412EF800965472 /* UISample.app */ = {isa = PBXFileReference; explicitFileType = wrapper.application; includeInIndex = 0; path = UISample.app; sourceTree = BUILT_PRODUCTS_DIR; };
		F5FDF12E1B412EF800965472 /* Info.plist */ = {isa = PBXFileReference; lastKnownFileType = text.plist.xml; path = Info.plist; sourceTree = "<group>"; };
		F5FDF12F1B412EF800965472 /* main.m */ = {isa = PBXFileReference; lastKnownFileType = sourcecode.c.objc; path = main.m; sourceTree = "<group>"; };
		F5FDF1311B412EF800965472 /* AppDelegate.h */ = {isa = PBXFileReference; lastKnownFileType = sourcecode.c.h; path = AppDelegate.h; sourceTree = "<group>"; };
		F5FDF1321B412EF800965472 /* AppDelegate.m */ = {isa = PBXFileReference; lastKnownFileType = sourcecode.c.objc; path = AppDelegate.m; sourceTree = "<group>"; };
		F5FDF1341B412EF800965472 /* ViewController.h */ = {isa = PBXFileReference; lastKnownFileType = sourcecode.c.h; path = ViewController.h; sourceTree = "<group>"; };
		F5FDF1351B412EF800965472 /* ViewController.m */ = {isa = PBXFileReference; lastKnownFileType = sourcecode.c.objc; path = ViewController.m; sourceTree = "<group>"; };
		F5FDF1381B412EF800965472 /* Base */ = {isa = PBXFileReference; lastKnownFileType = file.storyboard; name = Base; path = Base.lproj/Main.storyboard; sourceTree = "<group>"; };
		F5FDF13A1B412EF800965472 /* Images.xcassets */ = {isa = PBXFileReference; lastKnownFileType = folder.assetcatalog; path = Images.xcassets; sourceTree = "<group>"; };
		F5FDF13D1B412EF800965472 /* Base */ = {isa = PBXFileReference; lastKnownFileType = file.xib; name = Base; path = Base.lproj/LaunchScreen.xib; sourceTree = "<group>"; };
		F5FDF1431B412EF800965472 /* UISampleTests.xctest */ = {isa = PBXFileReference; explicitFileType = wrapper.cfbundle; includeInIndex = 0; path = UISampleTests.xctest; sourceTree = BUILT_PRODUCTS_DIR; };
		F5FDF1481B412EF800965472 /* Info.plist */ = {isa = PBXFileReference; lastKnownFileType = text.plist.xml; path = Info.plist; sourceTree = "<group>"; };
		F5FDF1491B412EF800965472 /* UISampleTests.m */ = {isa = PBXFileReference; lastKnownFileType = sourcecode.c.objc; path = UISampleTests.m; sourceTree = "<group>"; };
		F5FDF1531B413EAE00965472 /* ViewController2.h */ = {isa = PBXFileReference; fileEncoding = 4; lastKnownFileType = sourcecode.c.h; path = ViewController2.h; sourceTree = "<group>"; };
		F5FDF1541B413EAE00965472 /* ViewController2.m */ = {isa = PBXFileReference; fileEncoding = 4; lastKnownFileType = sourcecode.c.objc; path = ViewController2.m; sourceTree = "<group>"; };
		F5FDF1561B413F2000965472 /* EmailProvider.h */ = {isa = PBXFileReference; fileEncoding = 4; lastKnownFileType = sourcecode.c.h; path = EmailProvider.h; sourceTree = "<group>"; };
		F5FDF1571B413F2000965472 /* EmailProvider.m */ = {isa = PBXFileReference; fileEncoding = 4; lastKnownFileType = sourcecode.c.objc; path = EmailProvider.m; sourceTree = "<group>"; };
/* End PBXFileReference section */

/* Begin PBXFrameworksBuildPhase section */
		F5FDF1271B412EF800965472 /* Frameworks */ = {
			isa = PBXFrameworksBuildPhase;
			buildActionMask = 2147483647;
			files = (
				888AA831EACD15AC1AC845CF /* libPods.a in Frameworks */,
			);
			runOnlyForDeploymentPostprocessing = 0;
		};
		F5FDF1401B412EF800965472 /* Frameworks */ = {
			isa = PBXFrameworksBuildPhase;
			buildActionMask = 2147483647;
			files = (
			);
			runOnlyForDeploymentPostprocessing = 0;
		};
/* End PBXFrameworksBuildPhase section */

/* Begin PBXGroup section */
		1E73D1BDA3D1E7B417B7A558 /* Pods */ = {
			isa = PBXGroup;
			children = (
				7FEBA8F4822A9173EAC329BA /* Pods.debug.xcconfig */,
				C52CA89676C762456FA1E4D4 /* Pods.release.xcconfig */,
			);
			name = Pods;
			sourceTree = "<group>";
		};
		9606DB02CDE95F776FC2F746 /* Frameworks */ = {
			isa = PBXGroup;
			children = (
				E3FCAE1E230193F9B835EF25 /* libPods.a */,
			);
			name = Frameworks;
			sourceTree = "<group>";
		};
		F5FDF1211B412EF800965472 = {
			isa = PBXGroup;
			children = (
				F5FDF12C1B412EF800965472 /* UISample */,
				F5FDF1461B412EF800965472 /* UITests */,
				F5FDF12B1B412EF800965472 /* Products */,
				1E73D1BDA3D1E7B417B7A558 /* Pods */,
				9606DB02CDE95F776FC2F746 /* Frameworks */,
			);
			sourceTree = "<group>";
		};
		F5FDF12B1B412EF800965472 /* Products */ = {
			isa = PBXGroup;
			children = (
				F5FDF12A1B412EF800965472 /* UISample.app */,
				F5FDF1431B412EF800965472 /* UISampleTests.xctest */,
			);
			name = Products;
			sourceTree = "<group>";
		};
		F5FDF12C1B412EF800965472 /* UISample */ = {
			isa = PBXGroup;
			children = (
				F5FDF1311B412EF800965472 /* AppDelegate.h */,
				F5FDF1321B412EF800965472 /* AppDelegate.m */,
				F5FDF1341B412EF800965472 /* ViewController.h */,
				F5FDF1351B412EF800965472 /* ViewController.m */,
				F5FDF1371B412EF800965472 /* Main.storyboard */,
				F5FDF13A1B412EF800965472 /* Images.xcassets */,
				F5FDF13C1B412EF800965472 /* LaunchScreen.xib */,
				F5FDF12D1B412EF800965472 /* Supporting Files */,
				F5FDF1531B413EAE00965472 /* ViewController2.h */,
				F5FDF1541B413EAE00965472 /* ViewController2.m */,
				F5FDF1561B413F2000965472 /* EmailProvider.h */,
				F5FDF1571B413F2000965472 /* EmailProvider.m */,
				F501B8C41B429C3500AB8B2C /* ViewController3.h */,
				F501B8C51B429C3500AB8B2C /* ViewController3.m */,
				F52F8C521B438F91005A7158 /* TableViewController1.h */,
				F52F8C531B438F91005A7158 /* TableViewController1.m */,
			);
			path = UISample;
			sourceTree = "<group>";
		};
		F5FDF12D1B412EF800965472 /* Supporting Files */ = {
			isa = PBXGroup;
			children = (
				F5FDF12E1B412EF800965472 /* Info.plist */,
				F5FDF12F1B412EF800965472 /* main.m */,
			);
			name = "Supporting Files";
			sourceTree = "<group>";
		};
		F5FDF1461B412EF800965472 /* UITests */ = {
			isa = PBXGroup;
			children = (
				F5FDF1491B412EF800965472 /* UISampleTests.m */,
				F5FDF1471B412EF800965472 /* Supporting Files */,
			);
			name = UITests;
			path = UISampleTests;
			sourceTree = "<group>";
		};
		F5FDF1471B412EF800965472 /* Supporting Files */ = {
			isa = PBXGroup;
			children = (
				F5FDF1481B412EF800965472 /* Info.plist */,
			);
			name = "Supporting Files";
			sourceTree = "<group>";
		};
/* End PBXGroup section */

/* Begin PBXNativeTarget section */
		F5FDF1291B412EF800965472 /* UISample */ = {
			isa = PBXNativeTarget;
			buildConfigurationList = F5FDF14D1B412EF800965472 /* Build configuration list for PBXNativeTarget "UISample" */;
			buildPhases = (
				E46CCED840AC007F98A43D61 /* Check Pods Manifest.lock */,
				F5FDF1261B412EF800965472 /* Sources */,
				F5FDF1271B412EF800965472 /* Frameworks */,
				F5FDF1281B412EF800965472 /* Resources */,
				FA5F339632276372DDFC89FA /* Copy Pods Resources */,
			);
			buildRules = (
			);
			dependencies = (
			);
			name = UISample;
			productName = TextInputFormSample;
			productReference = F5FDF12A1B412EF800965472 /* UISample.app */;
			productType = "com.apple.product-type.application";
		};
		F5FDF1421B412EF800965472 /* UISampleTests */ = {
			isa = PBXNativeTarget;
			buildConfigurationList = F5FDF1501B412EF800965472 /* Build configuration list for PBXNativeTarget "UISampleTests" */;
			buildPhases = (
				F5FDF13F1B412EF800965472 /* Sources */,
				F5FDF1401B412EF800965472 /* Frameworks */,
				F5FDF1411B412EF800965472 /* Resources */,
			);
			buildRules = (
			);
			dependencies = (
				F5FDF1451B412EF800965472 /* PBXTargetDependency */,
			);
			name = UISampleTests;
			productName = TextInputFormSampleTests;
			productReference = F5FDF1431B412EF800965472 /* UISampleTests.xctest */;
			productType = "com.apple.product-type.bundle.unit-test";
		};
/* End PBXNativeTarget section */

/* Begin PBXProject section */
		F5FDF1221B412EF800965472 /* Project object */ = {
			isa = PBXProject;
			attributes = {
				LastUpgradeCheck = 0630;
				ORGANIZATIONNAME = "gen@lemonade";
				TargetAttributes = {
					F5FDF1291B412EF800965472 = {
						CreatedOnToolsVersion = 6.3.1;
						DevelopmentTeam = KRAYN5ZU7E;
					};
					F5FDF1421B412EF800965472 = {
						CreatedOnToolsVersion = 6.3.1;
						TestTargetID = F5FDF1291B412EF800965472;
					};
				};
			};
			buildConfigurationList = F5FDF1251B412EF800965472 /* Build configuration list for PBXProject "UISample" */;
			compatibilityVersion = "Xcode 3.2";
			developmentRegion = English;
			hasScannedForEncodings = 0;
			knownRegions = (
				en,
				Base,
			);
			mainGroup = F5FDF1211B412EF800965472;
			productRefGroup = F5FDF12B1B412EF800965472 /* Products */;
			projectDirPath = "";
			projectRoot = "";
			targets = (
				F5FDF1291B412EF800965472 /* UISample */,
				F5FDF1421B412EF800965472 /* UISampleTests */,
			);
		};
/* End PBXProject section */

/* Begin PBXResourcesBuildPhase section */
		F5FDF1281B412EF800965472 /* Resources */ = {
			isa = PBXResourcesBuildPhase;
			buildActionMask = 2147483647;
			files = (
				F5FDF1391B412EF800965472 /* Main.storyboard in Resources */,
				F5FDF13E1B412EF800965472 /* LaunchScreen.xib in Resources */,
				F5FDF13B1B412EF800965472 /* Images.xcassets in Resources */,
			);
			runOnlyForDeploymentPostprocessing = 0;
		};
		F5FDF1411B412EF800965472 /* Resources */ = {
			isa = PBXResourcesBuildPhase;
			buildActionMask = 2147483647;
			files = (
			);
			runOnlyForDeploymentPostprocessing = 0;
		};
/* End PBXResourcesBuildPhase section */

/* Begin PBXShellScriptBuildPhase section */
		E46CCED840AC007F98A43D61 /* Check Pods Manifest.lock */ = {
			isa = PBXShellScriptBuildPhase;
			buildActionMask = 2147483647;
			files = (
			);
			inputPaths = (
			);
			name = "Check Pods Manifest.lock";
			outputPaths = (
			);
			runOnlyForDeploymentPostprocessing = 0;
			shellPath = /bin/sh;
			shellScript = "diff \"${PODS_ROOT}/../Podfile.lock\" \"${PODS_ROOT}/Manifest.lock\" > /dev/null\nif [[ $? != 0 ]] ; then\n    cat << EOM\nerror: The sandbox is not in sync with the Podfile.lock. Run 'pod install' or update your CocoaPods installation.\nEOM\n    exit 1\nfi\n";
			showEnvVarsInLog = 0;
		};
		FA5F339632276372DDFC89FA /* Copy Pods Resources */ = {
			isa = PBXShellScriptBuildPhase;
			buildActionMask = 2147483647;
			files = (
			);
			inputPaths = (
			);
			name = "Copy Pods Resources";
			outputPaths = (
			);
			runOnlyForDeploymentPostprocessing = 0;
			shellPath = /bin/sh;
			shellScript = "\"${SRCROOT}/Pods/Target Support Files/Pods/Pods-resources.sh\"\n";
			showEnvVarsInLog = 0;
		};
/* End PBXShellScriptBuildPhase section */

/* Begin PBXSourcesBuildPhase section */
		F5FDF1261B412EF800965472 /* Sources */ = {
			isa = PBXSourcesBuildPhase;
			buildActionMask = 2147483647;
			files = (
				F52F8C541B438F91005A7158 /* TableViewController1.m in Sources */,
				F5FDF1361B412EF800965472 /* ViewController.m in Sources */,
				F5FDF1551B413EAE00965472 /* ViewController2.m in Sources */,
				F501B8C61B429C3500AB8B2C /* ViewController3.m in Sources */,
				F5FDF1581B413F2000965472 /* EmailProvider.m in Sources */,
				F5FDF1331B412EF800965472 /* AppDelegate.m in Sources */,
				F5FDF1301B412EF800965472 /* main.m in Sources */,
			);
			runOnlyForDeploymentPostprocessing = 0;
		};
		F5FDF13F1B412EF800965472 /* Sources */ = {
			isa = PBXSourcesBuildPhase;
			buildActionMask = 2147483647;
			files = (
				F5FDF14A1B412EF800965472 /* UISampleTests.m in Sources */,
			);
			runOnlyForDeploymentPostprocessing = 0;
		};
/* End PBXSourcesBuildPhase section */

/* Begin PBXTargetDependency section */
		F5FDF1451B412EF800965472 /* PBXTargetDependency */ = {
			isa = PBXTargetDependency;
			target = F5FDF1291B412EF800965472 /* UISample */;
			targetProxy = F5FDF1441B412EF800965472 /* PBXContainerItemProxy */;
		};
/* End PBXTargetDependency section */

/* Begin PBXVariantGroup section */
		F5FDF1371B412EF800965472 /* Main.storyboard */ = {
			isa = PBXVariantGroup;
			children = (
				F5FDF1381B412EF800965472 /* Base */,
			);
			name = Main.storyboard;
			sourceTree = "<group>";
		};
		F5FDF13C1B412EF800965472 /* LaunchScreen.xib */ = {
			isa = PBXVariantGroup;
			children = (
				F5FDF13D1B412EF800965472 /* Base */,
			);
			name = LaunchScreen.xib;
			sourceTree = "<group>";
		};
/* End PBXVariantGroup section */

/* Begin XCBuildConfiguration section */
		F5FDF14B1B412EF800965472 /* Debug */ = {
			isa = XCBuildConfiguration;
			buildSettings = {
				ALWAYS_SEARCH_USER_PATHS = NO;
				CLANG_CXX_LANGUAGE_STANDARD = "gnu++0x";
				CLANG_CXX_LIBRARY = "libc++";
				CLANG_ENABLE_MODULES = YES;
				CLANG_ENABLE_OBJC_ARC = YES;
				CLANG_WARN_BOOL_CONVERSION = YES;
				CLANG_WARN_CONSTANT_CONVERSION = YES;
				CLANG_WARN_DIRECT_OBJC_ISA_USAGE = YES_ERROR;
				CLANG_WARN_EMPTY_BODY = YES;
				CLANG_WARN_ENUM_CONVERSION = YES;
				CLANG_WARN_INT_CONVERSION = YES;
				CLANG_WARN_OBJC_ROOT_CLASS = YES_ERROR;
				CLANG_WARN_UNREACHABLE_CODE = YES;
				CLANG_WARN__DUPLICATE_METHOD_MATCH = YES;
				"CODE_SIGN_IDENTITY[sdk=iphoneos*]" = "iPhone Developer";
				COPY_PHASE_STRIP = NO;
				DEBUG_INFORMATION_FORMAT = "dwarf-with-dsym";
				ENABLE_STRICT_OBJC_MSGSEND = YES;
				GCC_C_LANGUAGE_STANDARD = gnu99;
				GCC_DYNAMIC_NO_PIC = NO;
				GCC_NO_COMMON_BLOCKS = YES;
				GCC_OPTIMIZATION_LEVEL = 0;
				GCC_PREPROCESSOR_DEFINITIONS = (
					"DEBUG=1",
					"$(inherited)",
				);
				GCC_SYMBOLS_PRIVATE_EXTERN = NO;
				GCC_WARN_64_TO_32_BIT_CONVERSION = YES;
				GCC_WARN_ABOUT_RETURN_TYPE = YES_ERROR;
				GCC_WARN_UNDECLARED_SELECTOR = YES;
				GCC_WARN_UNINITIALIZED_AUTOS = YES_AGGRESSIVE;
				GCC_WARN_UNUSED_FUNCTION = YES;
				GCC_WARN_UNUSED_VARIABLE = YES;
				IPHONEOS_DEPLOYMENT_TARGET = 8.3;
				MTL_ENABLE_DEBUG_INFO = YES;
				ONLY_ACTIVE_ARCH = YES;
				SDKROOT = iphoneos;
				TARGETED_DEVICE_FAMILY = "1,2";
			};
			name = Debug;
		};
		F5FDF14C1B412EF800965472 /* Release */ = {
			isa = XCBuildConfiguration;
			buildSettings = {
				ALWAYS_SEARCH_USER_PATHS = NO;
				CLANG_CXX_LANGUAGE_STANDARD = "gnu++0x";
				CLANG_CXX_LIBRARY = "libc++";
				CLANG_ENABLE_MODULES = YES;
				CLANG_ENABLE_OBJC_ARC = YES;
				CLANG_WARN_BOOL_CONVERSION = YES;
				CLANG_WARN_CONSTANT_CONVERSION = YES;
				CLANG_WARN_DIRECT_OBJC_ISA_USAGE = YES_ERROR;
				CLANG_WARN_EMPTY_BODY = YES;
				CLANG_WARN_ENUM_CONVERSION = YES;
				CLANG_WARN_INT_CONVERSION = YES;
				CLANG_WARN_OBJC_ROOT_CLASS = YES_ERROR;
				CLANG_WARN_UNREACHABLE_CODE = YES;
				CLANG_WARN__DUPLICATE_METHOD_MATCH = YES;
				"CODE_SIGN_IDENTITY[sdk=iphoneos*]" = "iPhone Developer";
				COPY_PHASE_STRIP = NO;
				DEBUG_INFORMATION_FORMAT = "dwarf-with-dsym";
				ENABLE_NS_ASSERTIONS = NO;
				ENABLE_STRICT_OBJC_MSGSEND = YES;
				GCC_C_LANGUAGE_STANDARD = gnu99;
				GCC_NO_COMMON_BLOCKS = YES;
				GCC_WARN_64_TO_32_BIT_CONVERSION = YES;
				GCC_WARN_ABOUT_RETURN_TYPE = YES_ERROR;
				GCC_WARN_UNDECLARED_SELECTOR = YES;
				GCC_WARN_UNINITIALIZED_AUTOS = YES_AGGRESSIVE;
				GCC_WARN_UNUSED_FUNCTION = YES;
				GCC_WARN_UNUSED_VARIABLE = YES;
				IPHONEOS_DEPLOYMENT_TARGET = 8.3;
				MTL_ENABLE_DEBUG_INFO = NO;
				SDKROOT = iphoneos;
				TARGETED_DEVICE_FAMILY = "1,2";
				VALIDATE_PRODUCT = YES;
			};
			name = Release;
		};
		F5FDF14E1B412EF800965472 /* Debug */ = {
			isa = XCBuildConfiguration;
			baseConfigurationReference = 7FEBA8F4822A9173EAC329BA /* Pods.debug.xcconfig */;
			buildSettings = {
				ASSETCATALOG_COMPILER_APPICON_NAME = AppIcon;
				CODE_SIGN_IDENTITY = "iPhone Developer";
				"CODE_SIGN_IDENTITY[sdk=iphoneos*]" = "iPhone Developer";
				INFOPLIST_FILE = UISample/Info.plist;
				LD_RUNPATH_SEARCH_PATHS = "$(inherited) @executable_path/Frameworks";
				PRODUCT_NAME = UISample;
				PROVISIONING_PROFILE = "";
			};
			name = Debug;
		};
		F5FDF14F1B412EF800965472 /* Release */ = {
			isa = XCBuildConfiguration;
			baseConfigurationReference = C52CA89676C762456FA1E4D4 /* Pods.release.xcconfig */;
			buildSettings = {
				ASSETCATALOG_COMPILER_APPICON_NAME = AppIcon;
				CODE_SIGN_IDENTITY = "iPhone Developer";
				"CODE_SIGN_IDENTITY[sdk=iphoneos*]" = "iPhone Developer";
				INFOPLIST_FILE = UISample/Info.plist;
				LD_RUNPATH_SEARCH_PATHS = "$(inherited) @executable_path/Frameworks";
				PRODUCT_NAME = UISample;
				PROVISIONING_PROFILE = "";
			};
			name = Release;
		};
		F5FDF1511B412EF800965472 /* Debug */ = {
			isa = XCBuildConfiguration;
			buildSettings = {
				BUNDLE_LOADER = "$(TEST_HOST)";
				FRAMEWORK_SEARCH_PATHS = (
					"$(SDKROOT)/Developer/Library/Frameworks",
					"$(inherited)",
				);
				GCC_PREPROCESSOR_DEFINITIONS = (
					"DEBUG=1",
					"$(inherited)",
				);
				INFOPLIST_FILE = UISampleTests/Info.plist;
				LD_RUNPATH_SEARCH_PATHS = "$(inherited) @executable_path/Frameworks @loader_path/Frameworks";
				PRODUCT_NAME = UISampleTests;
				TEST_HOST = "$(BUILT_PRODUCTS_DIR)/UISample.app/UISample";
			};
			name = Debug;
		};
		F5FDF1521B412EF800965472 /* Release */ = {
			isa = XCBuildConfiguration;
			buildSettings = {
				BUNDLE_LOADER = "$(TEST_HOST)";
				FRAMEWORK_SEARCH_PATHS = (
					"$(SDKROOT)/Developer/Library/Frameworks",
					"$(inherited)",
				);
				INFOPLIST_FILE = UISampleTests/Info.plist;
				LD_RUNPATH_SEARCH_PATHS = "$(inherited) @executable_path/Frameworks @loader_path/Frameworks";
				PRODUCT_NAME = UISampleTests;
				TEST_HOST = "$(BUILT_PRODUCTS_DIR)/UISample.app/UISample";
			};
			name = Release;
		};
/* End XCBuildConfiguration section */

/* Begin XCConfigurationList section */
		F5FDF1251B412EF800965472 /* Build configuration list for PBXProject "UISample" */ = {
			isa = XCConfigurationList;
			buildConfigurations = (
				F5FDF14B1B412EF800965472 /* Debug */,
				F5FDF14C1B412EF800965472 /* Release */,
			);
			defaultConfigurationIsVisible = 0;
			defaultConfigurationName = Release;
		};
		F5FDF14D1B412EF800965472 /* Build configuration list for PBXNativeTarget "UISample" */ = {
			isa = XCConfigurationList;
			buildConfigurations = (
				F5FDF14E1B412EF800965472 /* Debug */,
				F5FDF14F1B412EF800965472 /* Release */,
			);
			defaultConfigurationIsVisible = 0;
			defaultConfigurationName = Release;
		};
		F5FDF1501B412EF800965472 /* Build configuration list for PBXNativeTarget "UISampleTests" */ = {
			isa = XCConfigurationList;
			buildConfigurations = (
				F5FDF1511B412EF800965472 /* Debug */,
				F5FDF1521B412EF800965472 /* Release */,
			);
			defaultConfigurationIsVisible = 0;
			defaultConfigurationName = Release;
		};
/* End XCConfigurationList section */
	};
	rootObject = F5FDF1221B412EF800965472 /* Project object */;
}
